
Microsoft Visual Studio Solution File, Format Version 12.00
# Visual Studio Version 17
VisualStudioVersion = 17.9.34622.214
MinimumVisualStudioVersion = 10.0.40219.1
Project("{FAE04EC0-301F-11D3-BF4B-00C04F79EFBC}") = "lab1.2", "lab1.2\lab1.2.csproj", "{D1344BA5-A275-4612-8DF9-6612D1C01A0A}"
EndProject
Global
	GlobalSection(SolutionConfigurationPlatforms) = preSolution
		Debug|Any CPU = Debug|Any CPU
		Release|Any CPU = Release|Any CPU
	EndGlobalSection
	GlobalSection(ProjectConfigurationPlatforms) = postSolution
		{D1344BA5-A275-4612-8DF9-6612D1C01A0A}.Debug|Any CPU.ActiveCfg = Debug|Any CPU
		{D1344BA5-A275-4612-8DF9-6612D1C01A0A}.Debug|Any CPU.Build.0 = Debug|Any CPU
		{D1344BA5-A275-4612-8DF9-6612D1C01A0A}.Release|Any CPU.ActiveCfg = Release|Any CPU
		{D1344BA5-A275-4612-8DF9-6612D1C01A0A}.Release|Any CPU.Build.0 = Release|Any CPU
	EndGlobalSection
	GlobalSection(SolutionProperties) = preSolution
		HideSolutionNode = FALSE
	EndGlobalSection
	GlobalSection(ExtensibilityGlobals) = postSolution
		SolutionGuid = {CDA84F17-D43C-457F-9709-0BC3356EFD18}
	EndGlobalSection
EndGlobal
